
Microsoft Visual Studio Solution File, Format Version 12.00
# Visual Studio Version 17
VisualStudioVersion = 17.2.32616.157
MinimumVisualStudioVersion = 10.0.40219.1
Project("{9A19103F-16F7-4668-BE54-9A1E7A4F7556}") = "PieShop", "PieShop\PieShop.csproj", "{42542051-C489-4A6E-8CCB-E0097DAB0CC4}"
EndProject
Project("{FAE04EC0-301F-11D3-BF4B-00C04F79EFBC}") = "PieShopTests", "PieShopTests\PieShopTests.csproj", "{2012A72A-0A96-4154-AFFC-D99365C85368}"
EndProject
Global
	GlobalSection(SolutionConfigurationPlatforms) = preSolution
		Debug|Any CPU = Debug|Any CPU
		Release|Any CPU = Release|Any CPU
	EndGlobalSection
	GlobalSection(ProjectConfigurationPlatforms) = postSolution
		{42542051-C489-4A6E-8CCB-E0097DAB0CC4}.Debug|Any CPU.ActiveCfg = Debug|Any CPU
		{42542051-C489-4A6E-8CCB-E0097DAB0CC4}.Debug|Any CPU.Build.0 = Debug|Any CPU
		{42542051-C489-4A6E-8CCB-E0097DAB0CC4}.Release|Any CPU.ActiveCfg = Release|Any CPU
		{42542051-C489-4A6E-8CCB-E0097DAB0CC4}.Release|Any CPU.Build.0 = Release|Any CPU
		{2012A72A-0A96-4154-AFFC-D99365C85368}.Debug|Any CPU.ActiveCfg = Debug|Any CPU
		{2012A72A-0A96-4154-AFFC-D99365C85368}.Debug|Any CPU.Build.0 = Debug|Any CPU
		{2012A72A-0A96-4154-AFFC-D99365C85368}.Release|Any CPU.ActiveCfg = Release|Any CPU
		{2012A72A-0A96-4154-AFFC-D99365C85368}.Release|Any CPU.Build.0 = Release|Any CPU
	EndGlobalSection
	GlobalSection(SolutionProperties) = preSolution
		HideSolutionNode = FALSE
	EndGlobalSection
	GlobalSection(ExtensibilityGlobals) = postSolution
		SolutionGuid = {6005C579-AA38-4E48-A930-7148DFD0CC26}
	EndGlobalSection
EndGlobal
