
Microsoft Visual Studio Solution File, Format Version 12.00
# Visual Studio Version 17
VisualStudioVersion = 17.2.32616.157
MinimumVisualStudioVersion = 10.0.40219.1
Project("{FAE04EC0-301F-11D3-BF4B-00C04F79EFBC}") = "01.EfCoreDemo", "04. EntityRelations - Lab\01.EfCoreDemo.csproj", "{CD192B52-A669-46FC-95B8-2A549AAD8EA3}"
EndProject
Global
	GlobalSection(SolutionConfigurationPlatforms) = preSolution
		Debug|Any CPU = Debug|Any CPU
		Release|Any CPU = Release|Any CPU
	EndGlobalSection
	GlobalSection(ProjectConfigurationPlatforms) = postSolution
		{CD192B52-A669-46FC-95B8-2A549AAD8EA3}.Debug|Any CPU.ActiveCfg = Debug|Any CPU
		{CD192B52-A669-46FC-95B8-2A549AAD8EA3}.Debug|Any CPU.Build.0 = Debug|Any CPU
		{CD192B52-A669-46FC-95B8-2A549AAD8EA3}.Release|Any CPU.ActiveCfg = Release|Any CPU
		{CD192B52-A669-46FC-95B8-2A549AAD8EA3}.Release|Any CPU.Build.0 = Release|Any CPU
	EndGlobalSection
	GlobalSection(SolutionProperties) = preSolution
		HideSolutionNode = FALSE
	EndGlobalSection
	GlobalSection(ExtensibilityGlobals) = postSolution
		SolutionGuid = {D24653A3-5A69-44F2-8129-0EEDF8760504}
	EndGlobalSection
EndGlobal
