
Microsoft Visual Studio Solution File, Format Version 12.00
# Visual Studio Version 17
VisualStudioVersion = 17.2.32616.157
MinimumVisualStudioVersion = 10.0.40219.1
Project("{FAE04EC0-301F-11D3-BF4B-00C04F79EFBC}") = "03. EntityFramework Introduction - Lab", "03. EntityFramework Introduction - Lab\03. EntityFramework Introduction - Lab.csproj", "{D7FF539F-CCBC-4312-8ED3-B55DB4BF210C}"
EndProject
Project("{FAE04EC0-301F-11D3-BF4B-00C04F79EFBC}") = "01. ЕfCodeFirstDemo", "01. ЕfCodeFirstDemo\01. ЕfCodeFirstDemo.csproj", "{19C8C3B2-FFF0-487D-985A-01E0CE7DEB22}"
EndProject
Global
	GlobalSection(SolutionConfigurationPlatforms) = preSolution
		Debug|Any CPU = Debug|Any CPU
		Release|Any CPU = Release|Any CPU
	EndGlobalSection
	GlobalSection(ProjectConfigurationPlatforms) = postSolution
		{D7FF539F-CCBC-4312-8ED3-B55DB4BF210C}.Debug|Any CPU.ActiveCfg = Debug|Any CPU
		{D7FF539F-CCBC-4312-8ED3-B55DB4BF210C}.Debug|Any CPU.Build.0 = Debug|Any CPU
		{D7FF539F-CCBC-4312-8ED3-B55DB4BF210C}.Release|Any CPU.ActiveCfg = Release|Any CPU
		{D7FF539F-CCBC-4312-8ED3-B55DB4BF210C}.Release|Any CPU.Build.0 = Release|Any CPU
		{19C8C3B2-FFF0-487D-985A-01E0CE7DEB22}.Debug|Any CPU.ActiveCfg = Debug|Any CPU
		{19C8C3B2-FFF0-487D-985A-01E0CE7DEB22}.Debug|Any CPU.Build.0 = Debug|Any CPU
		{19C8C3B2-FFF0-487D-985A-01E0CE7DEB22}.Release|Any CPU.ActiveCfg = Release|Any CPU
		{19C8C3B2-FFF0-487D-985A-01E0CE7DEB22}.Release|Any CPU.Build.0 = Release|Any CPU
	EndGlobalSection
	GlobalSection(SolutionProperties) = preSolution
		HideSolutionNode = FALSE
	EndGlobalSection
	GlobalSection(ExtensibilityGlobals) = postSolution
		SolutionGuid = {CE70272E-FA96-4B0A-A523-F99FFA08FE24}
	EndGlobalSection
EndGlobal
